
Microsoft Visual Studio Solution File, Format Version 12.00
# Visual Studio Version 16
VisualStudioVersion = 16.0.32228.343
MinimumVisualStudioVersion = 10.0.40219.1
Project("{FAE04EC0-301F-11D3-BF4B-00C04F79EFBC}") = "EmployeeWage", "EmployeeWage\EmployeeWage.csproj", "{4E827723-91A7-4928-8711-EEC91DC46C40}"
EndProject
Global
	GlobalSection(SolutionConfigurationPlatforms) = preSolution
		Debug|Any CPU = Debug|Any CPU
		Release|Any CPU = Release|Any CPU
	EndGlobalSection
	GlobalSection(ProjectConfigurationPlatforms) = postSolution
		{4E827723-91A7-4928-8711-EEC91DC46C40}.Debug|Any CPU.ActiveCfg = Debug|Any CPU
		{4E827723-91A7-4928-8711-EEC91DC46C40}.Debug|Any CPU.Build.0 = Debug|Any CPU
		{4E827723-91A7-4928-8711-EEC91DC46C40}.Release|Any CPU.ActiveCfg = Release|Any CPU
		{4E827723-91A7-4928-8711-EEC91DC46C40}.Release|Any CPU.Build.0 = Release|Any CPU
	EndGlobalSection
	GlobalSection(SolutionProperties) = preSolution
		HideSolutionNode = FALSE
	EndGlobalSection
	GlobalSection(ExtensibilityGlobals) = postSolution
		SolutionGuid = {FC16099A-7575-4A03-85D8-4AFA943BB4B4}
	EndGlobalSection
EndGlobal
